
Microsoft Visual Studio Solution File, Format Version 12.00
# Visual Studio Version 16
VisualStudioVersion = 16.0.32228.343
MinimumVisualStudioVersion = 10.0.40219.1
Project("{FAE04EC0-301F-11D3-BF4B-00C04F79EFBC}") = "SmartFarmer", "SmartFarmer\SmartFarmer.csproj", "{EF78DD7B-5298-4BFE-9B78-CADABDD9006A}"
EndProject
Project("{FAE04EC0-301F-11D3-BF4B-00C04F79EFBC}") = "SmartFarmer.Core", "SmartFarmer.Core\SmartFarmer.Core.csproj", "{8FD22286-EA6C-4392-8FCA-65E04A4427C8}"
EndProject
Project("{FAE04EC0-301F-11D3-BF4B-00C04F79EFBC}") = "SmartFarmer.Tasks.Mock", "SmartFarmer.Tasks.Mock\SmartFarmer.Tasks.Mock.csproj", "{60774AE0-B8E2-424F-9B70-1AC4DF051F3E}"
EndProject
Project("{FAE04EC0-301F-11D3-BF4B-00C04F79EFBC}") = "SmartFarmer.App", "SmartFarmer.App\SmartFarmer.App.csproj", "{0D8CA18B-5997-4BE8-9BB4-47EE63CE4322}"
EndProject
Global
	GlobalSection(SolutionConfigurationPlatforms) = preSolution
		Debug|Any CPU = Debug|Any CPU
		Release|Any CPU = Release|Any CPU
	EndGlobalSection
	GlobalSection(ProjectConfigurationPlatforms) = postSolution
		{EF78DD7B-5298-4BFE-9B78-CADABDD9006A}.Debug|Any CPU.ActiveCfg = Debug|Any CPU
		{EF78DD7B-5298-4BFE-9B78-CADABDD9006A}.Debug|Any CPU.Build.0 = Debug|Any CPU
		{EF78DD7B-5298-4BFE-9B78-CADABDD9006A}.Release|Any CPU.ActiveCfg = Release|Any CPU
		{EF78DD7B-5298-4BFE-9B78-CADABDD9006A}.Release|Any CPU.Build.0 = Release|Any CPU
		{8FD22286-EA6C-4392-8FCA-65E04A4427C8}.Debug|Any CPU.ActiveCfg = Debug|Any CPU
		{8FD22286-EA6C-4392-8FCA-65E04A4427C8}.Debug|Any CPU.Build.0 = Debug|Any CPU
		{8FD22286-EA6C-4392-8FCA-65E04A4427C8}.Release|Any CPU.ActiveCfg = Release|Any CPU
		{8FD22286-EA6C-4392-8FCA-65E04A4427C8}.Release|Any CPU.Build.0 = Release|Any CPU
		{60774AE0-B8E2-424F-9B70-1AC4DF051F3E}.Debug|Any CPU.ActiveCfg = Debug|Any CPU
		{60774AE0-B8E2-424F-9B70-1AC4DF051F3E}.Debug|Any CPU.Build.0 = Debug|Any CPU
		{60774AE0-B8E2-424F-9B70-1AC4DF051F3E}.Release|Any CPU.ActiveCfg = Release|Any CPU
		{60774AE0-B8E2-424F-9B70-1AC4DF051F3E}.Release|Any CPU.Build.0 = Release|Any CPU
		{0D8CA18B-5997-4BE8-9BB4-47EE63CE4322}.Debug|Any CPU.ActiveCfg = Debug|Any CPU
		{0D8CA18B-5997-4BE8-9BB4-47EE63CE4322}.Debug|Any CPU.Build.0 = Debug|Any CPU
		{0D8CA18B-5997-4BE8-9BB4-47EE63CE4322}.Release|Any CPU.ActiveCfg = Release|Any CPU
		{0D8CA18B-5997-4BE8-9BB4-47EE63CE4322}.Release|Any CPU.Build.0 = Release|Any CPU
	EndGlobalSection
	GlobalSection(SolutionProperties) = preSolution
		HideSolutionNode = FALSE
	EndGlobalSection
	GlobalSection(ExtensibilityGlobals) = postSolution
		SolutionGuid = {C2E7AD6D-538F-4DD0-9AC2-83B7F0A2638E}
	EndGlobalSection
EndGlobal
